
Microsoft Visual Studio Solution File, Format Version 12.00
# Visual Studio Version 16
VisualStudioVersion = 16.0.29215.179
MinimumVisualStudioVersion = 10.0.40219.1
Project("{FAE04EC0-301F-11D3-BF4B-00C04F79EFBC}") = "StudentForYou.Subjects", "Studentforyousubjects\StudentForYou.Subjects.csproj", "{D5CA3B2F-0EE4-400D-A3E7-4BFDBD9C4EFB}"
EndProject
Project("{FAE04EC0-301F-11D3-BF4B-00C04F79EFBC}") = "StudentForYou.Chat", "StundentForYou.Chat\StudentForYou.Chat.csproj", "{DBD815BD-32AE-4B17-B1AE-73364088D40D}"
EndProject
Project("{FAE04EC0-301F-11D3-BF4B-00C04F79EFBC}") = "StudentForYou.RecentPosts", "StudentForYou.RecentPosts\StudentForYou.RecentPosts.csproj", "{D4193337-7DD7-4389-86C4-21BE0F6B5360}"
EndProject
Project("{FAE04EC0-301F-11D3-BF4B-00C04F79EFBC}") = "StudentForYou.Profile", "StudentForYou.Profile\StudentForYou.Profile.csproj", "{CF999838-619F-4B94-863D-E81F9B2FB200}"
EndProject
Project("{FAE04EC0-301F-11D3-BF4B-00C04F79EFBC}") = "StudentForYou.DB", "StudentForYou.DB\StudentForYou.DB.csproj", "{14EF7E94-A570-4F5F-AE15-1DD078DD19B6}"
EndProject
Project("{9A19103F-16F7-4668-BE54-9A1E7A4F7556}") = "StudentForYou.WebApp", "StudentForYou.WebApp\StudentForYou.WebApp.csproj", "{7BBE219A-918F-49BE-B3AB-7948D209B8BD}"
EndProject
Project("{9A19103F-16F7-4668-BE54-9A1E7A4F7556}") = "StudentForYou.WebAppTests", "StudentForYou.WebAppTests\StudentForYou.WebAppTests.csproj", "{9A2E79B6-03BC-4F14-A65A-851EE19C4BC7}"
EndProject
Global
	GlobalSection(SolutionConfigurationPlatforms) = preSolution
		Debug|Any CPU = Debug|Any CPU
		Release|Any CPU = Release|Any CPU
	EndGlobalSection
	GlobalSection(ProjectConfigurationPlatforms) = postSolution
		{D5CA3B2F-0EE4-400D-A3E7-4BFDBD9C4EFB}.Debug|Any CPU.ActiveCfg = Debug|Any CPU
		{D5CA3B2F-0EE4-400D-A3E7-4BFDBD9C4EFB}.Debug|Any CPU.Build.0 = Debug|Any CPU
		{D5CA3B2F-0EE4-400D-A3E7-4BFDBD9C4EFB}.Release|Any CPU.ActiveCfg = Release|Any CPU
		{D5CA3B2F-0EE4-400D-A3E7-4BFDBD9C4EFB}.Release|Any CPU.Build.0 = Release|Any CPU
		{DBD815BD-32AE-4B17-B1AE-73364088D40D}.Debug|Any CPU.ActiveCfg = Debug|Any CPU
		{DBD815BD-32AE-4B17-B1AE-73364088D40D}.Debug|Any CPU.Build.0 = Debug|Any CPU
		{DBD815BD-32AE-4B17-B1AE-73364088D40D}.Release|Any CPU.ActiveCfg = Release|Any CPU
		{DBD815BD-32AE-4B17-B1AE-73364088D40D}.Release|Any CPU.Build.0 = Release|Any CPU
		{D4193337-7DD7-4389-86C4-21BE0F6B5360}.Debug|Any CPU.ActiveCfg = Debug|Any CPU
		{D4193337-7DD7-4389-86C4-21BE0F6B5360}.Debug|Any CPU.Build.0 = Debug|Any CPU
		{D4193337-7DD7-4389-86C4-21BE0F6B5360}.Release|Any CPU.ActiveCfg = Release|Any CPU
		{D4193337-7DD7-4389-86C4-21BE0F6B5360}.Release|Any CPU.Build.0 = Release|Any CPU
		{CF999838-619F-4B94-863D-E81F9B2FB200}.Debug|Any CPU.ActiveCfg = Debug|Any CPU
		{CF999838-619F-4B94-863D-E81F9B2FB200}.Debug|Any CPU.Build.0 = Debug|Any CPU
		{CF999838-619F-4B94-863D-E81F9B2FB200}.Release|Any CPU.ActiveCfg = Release|Any CPU
		{CF999838-619F-4B94-863D-E81F9B2FB200}.Release|Any CPU.Build.0 = Release|Any CPU
		{14EF7E94-A570-4F5F-AE15-1DD078DD19B6}.Debug|Any CPU.ActiveCfg = Debug|Any CPU
		{14EF7E94-A570-4F5F-AE15-1DD078DD19B6}.Debug|Any CPU.Build.0 = Debug|Any CPU
		{14EF7E94-A570-4F5F-AE15-1DD078DD19B6}.Release|Any CPU.ActiveCfg = Release|Any CPU
		{14EF7E94-A570-4F5F-AE15-1DD078DD19B6}.Release|Any CPU.Build.0 = Release|Any CPU
		{7BBE219A-918F-49BE-B3AB-7948D209B8BD}.Debug|Any CPU.ActiveCfg = Debug|Any CPU
		{7BBE219A-918F-49BE-B3AB-7948D209B8BD}.Debug|Any CPU.Build.0 = Debug|Any CPU
		{7BBE219A-918F-49BE-B3AB-7948D209B8BD}.Release|Any CPU.ActiveCfg = Release|Any CPU
		{7BBE219A-918F-49BE-B3AB-7948D209B8BD}.Release|Any CPU.Build.0 = Release|Any CPU
		{9A2E79B6-03BC-4F14-A65A-851EE19C4BC7}.Debug|Any CPU.ActiveCfg = Debug|Any CPU
		{9A2E79B6-03BC-4F14-A65A-851EE19C4BC7}.Debug|Any CPU.Build.0 = Debug|Any CPU
		{9A2E79B6-03BC-4F14-A65A-851EE19C4BC7}.Release|Any CPU.ActiveCfg = Release|Any CPU
		{9A2E79B6-03BC-4F14-A65A-851EE19C4BC7}.Release|Any CPU.Build.0 = Release|Any CPU
	EndGlobalSection
	GlobalSection(SolutionProperties) = preSolution
		HideSolutionNode = FALSE
	EndGlobalSection
	GlobalSection(ExtensibilityGlobals) = postSolution
		SolutionGuid = {D373209D-5802-4CB5-A9B4-3E82F0A9F42D}
	EndGlobalSection
EndGlobal
