
Microsoft Visual Studio Solution File, Format Version 12.00
# Visual Studio Version 16
VisualStudioVersion = 16.0.29215.179
MinimumVisualStudioVersion = 10.0.40219.1
Project("{FAE04EC0-301F-11D3-BF4B-00C04F79EFBC}") = "StudentForYou", "StudentForYou\StudentForYou.csproj", "{5E9F816D-D3CC-4EFB-8EA6-3584C184C7CA}"
EndProject
Project("{9A19103F-16F7-4668-BE54-9A1E7A4F7556}") = "StudentForYouSERVER", "StudentForYouSERVER\StudentForYouSERVER.csproj", "{E0193916-311D-4848-BF76-D3761D4E57A6}"
EndProject
Project("{9A19103F-16F7-4668-BE54-9A1E7A4F7556}") = "StudentForYou.GroupChat", "StudentForYouGROUPCHAT\StudentForYou.GroupChat.csproj", "{785A1425-C92E-42A1-8021-5BCA5AD0E411}"
EndProject
Project("{9A19103F-16F7-4668-BE54-9A1E7A4F7556}") = "StudentForYou.Chat", "StudentForYouCHAT\StudentForYou.Chat.csproj", "{168EABBD-1038-438B-AA41-B8DFB949858B}"
EndProject
Project("{FAE04EC0-301F-11D3-BF4B-00C04F79EFBC}") = "StudentForYou.Subjects", "Studentforyousubjects\StudentForYou.Subjects.csproj", "{D5CA3B2F-0EE4-400D-A3E7-4BFDBD9C4EFB}"
EndProject
Global
	GlobalSection(SolutionConfigurationPlatforms) = preSolution
		Debug|Any CPU = Debug|Any CPU
		Release|Any CPU = Release|Any CPU
	EndGlobalSection
	GlobalSection(ProjectConfigurationPlatforms) = postSolution
		{5E9F816D-D3CC-4EFB-8EA6-3584C184C7CA}.Debug|Any CPU.ActiveCfg = Debug|Any CPU
		{5E9F816D-D3CC-4EFB-8EA6-3584C184C7CA}.Debug|Any CPU.Build.0 = Debug|Any CPU
		{5E9F816D-D3CC-4EFB-8EA6-3584C184C7CA}.Release|Any CPU.ActiveCfg = Release|Any CPU
		{5E9F816D-D3CC-4EFB-8EA6-3584C184C7CA}.Release|Any CPU.Build.0 = Release|Any CPU
		{E0193916-311D-4848-BF76-D3761D4E57A6}.Debug|Any CPU.ActiveCfg = Debug|Any CPU
		{E0193916-311D-4848-BF76-D3761D4E57A6}.Debug|Any CPU.Build.0 = Debug|Any CPU
		{E0193916-311D-4848-BF76-D3761D4E57A6}.Release|Any CPU.ActiveCfg = Release|Any CPU
		{E0193916-311D-4848-BF76-D3761D4E57A6}.Release|Any CPU.Build.0 = Release|Any CPU
		{785A1425-C92E-42A1-8021-5BCA5AD0E411}.Debug|Any CPU.ActiveCfg = Debug|Any CPU
		{785A1425-C92E-42A1-8021-5BCA5AD0E411}.Debug|Any CPU.Build.0 = Debug|Any CPU
		{785A1425-C92E-42A1-8021-5BCA5AD0E411}.Release|Any CPU.ActiveCfg = Release|Any CPU
		{785A1425-C92E-42A1-8021-5BCA5AD0E411}.Release|Any CPU.Build.0 = Release|Any CPU
		{168EABBD-1038-438B-AA41-B8DFB949858B}.Debug|Any CPU.ActiveCfg = Debug|Any CPU
		{168EABBD-1038-438B-AA41-B8DFB949858B}.Debug|Any CPU.Build.0 = Debug|Any CPU
		{168EABBD-1038-438B-AA41-B8DFB949858B}.Release|Any CPU.ActiveCfg = Release|Any CPU
		{168EABBD-1038-438B-AA41-B8DFB949858B}.Release|Any CPU.Build.0 = Release|Any CPU
		{D5CA3B2F-0EE4-400D-A3E7-4BFDBD9C4EFB}.Debug|Any CPU.ActiveCfg = Debug|Any CPU
		{D5CA3B2F-0EE4-400D-A3E7-4BFDBD9C4EFB}.Debug|Any CPU.Build.0 = Debug|Any CPU
		{D5CA3B2F-0EE4-400D-A3E7-4BFDBD9C4EFB}.Release|Any CPU.ActiveCfg = Release|Any CPU
		{D5CA3B2F-0EE4-400D-A3E7-4BFDBD9C4EFB}.Release|Any CPU.Build.0 = Release|Any CPU
	EndGlobalSection
	GlobalSection(SolutionProperties) = preSolution
		HideSolutionNode = FALSE
	EndGlobalSection
	GlobalSection(ExtensibilityGlobals) = postSolution
		SolutionGuid = {D373209D-5802-4CB5-A9B4-3E82F0A9F42D}
	EndGlobalSection
EndGlobal
